
Microsoft Visual Studio Solution File, Format Version 12.00
# Visual Studio 15
VisualStudioVersion = 15.0.26403.7
MinimumVisualStudioVersion = 10.0.40219.1
Project("{FAE04EC0-301F-11D3-BF4B-00C04F79EFBC}") = "AboutSufism", "AboutSufism\AboutSufism.csproj", "{EBC6FC08-55DE-496E-8B8A-646C7CD0063E}"
EndProject
Global
	GlobalSection(SolutionConfigurationPlatforms) = preSolution
		Debug|Any CPU = Debug|Any CPU
		Release|Any CPU = Release|Any CPU
	EndGlobalSection
	GlobalSection(ProjectConfigurationPlatforms) = postSolution
		{EBC6FC08-55DE-496E-8B8A-646C7CD0063E}.Debug|Any CPU.ActiveCfg = Debug|Any CPU
		{EBC6FC08-55DE-496E-8B8A-646C7CD0063E}.Debug|Any CPU.Build.0 = Debug|Any CPU
		{EBC6FC08-55DE-496E-8B8A-646C7CD0063E}.Release|Any CPU.ActiveCfg = Release|Any CPU
		{EBC6FC08-55DE-496E-8B8A-646C7CD0063E}.Release|Any CPU.Build.0 = Release|Any CPU
	EndGlobalSection
	GlobalSection(SolutionProperties) = preSolution
		HideSolutionNode = FALSE
	EndGlobalSection
EndGlobal
