
Microsoft Visual Studio Solution File, Format Version 12.00
# Visual Studio 15
VisualStudioVersion = 15.0.26730.16
MinimumVisualStudioVersion = 10.0.40219.1
Project("{FAE04EC0-301F-11D3-BF4B-00C04F79EFBC}") = "CV", "CV\CV.csproj", "{90B792CE-AB54-4A8E-9B90-7DC957744C9E}"
EndProject
Global
	GlobalSection(SolutionConfigurationPlatforms) = preSolution
		Debug|Any CPU = Debug|Any CPU
		Release|Any CPU = Release|Any CPU
	EndGlobalSection
	GlobalSection(ProjectConfigurationPlatforms) = postSolution
		{90B792CE-AB54-4A8E-9B90-7DC957744C9E}.Debug|Any CPU.ActiveCfg = Debug|Any CPU
		{90B792CE-AB54-4A8E-9B90-7DC957744C9E}.Debug|Any CPU.Build.0 = Debug|Any CPU
		{90B792CE-AB54-4A8E-9B90-7DC957744C9E}.Release|Any CPU.ActiveCfg = Release|Any CPU
		{90B792CE-AB54-4A8E-9B90-7DC957744C9E}.Release|Any CPU.Build.0 = Release|Any CPU
	EndGlobalSection
	GlobalSection(SolutionProperties) = preSolution
		HideSolutionNode = FALSE
	EndGlobalSection
	GlobalSection(ExtensibilityGlobals) = postSolution
		SolutionGuid = {DA88042F-4B6F-4393-A9E5-B483FA8EA20D}
	EndGlobalSection
EndGlobal
